// !$*UTF8*$!
{
	archiveVersion = 1;
	classes = {
	};
	objectVersion = 77;
	objects = {

/* Begin PBXBuildFile section */
		08E9031A8CE726D58A93F3DF /* Models.swift in Sources */ = {isa = PBXBuildFile; fileRef = 5A7A72EF0CD9938F02AAFB0F /* Models.swift */; };
		1041F32E2425D912C72AE737 /* SessionSimulation.swift in Sources */ = {isa = PBXBuildFile; fileRef = C0DB2E088958FE803D3FF7D4 /* SessionSimulation.swift */; };
		2464E51664107EEBD67321FB /* Theme.swift in Sources */ = {isa = PBXBuildFile; fileRef = E2F152048EF2E160EBFDC05F /* Theme.swift */; };
		3124A9E6B2A34867760BB6C5 /* BreathIslandCompanionApp.swift in Sources */ = {isa = PBXBuildFile; fileRef = 9554B0C6E3656794DE15CDF7 /* BreathIslandCompanionApp.swift */; };
		43E79F58E3816DEB2511791F /* Foundation.framework in Frameworks */ = {isa = PBXBuildFile; fileRef = C10332A282A51CD7114C4418 /* Foundation.framework */; };
		4D2EB9FF7517820C16A31A77 /* RecommendationEngine.swift in Sources */ = {isa = PBXBuildFile; fileRef = 6160EE8909E4C4DE49C59294 /* RecommendationEngine.swift */; };
		59C52C556062D37F28246CC6 /* DemoStore.swift in Sources */ = {isa = PBXBuildFile; fileRef = 88CBBFA5ED9254AFE54CFA02 /* DemoStore.swift */; };
		66D33164A0EDA858CF9FCFF1 /* CompanionContentView.swift in Sources */ = {isa = PBXBuildFile; fileRef = 38E857D6B911B5AC77639883 /* CompanionContentView.swift */; };
		7418338D215B46B552E04242 /* Assets.xcassets in Resources */ = {isa = PBXBuildFile; fileRef = 6ECFC516B96A37C49E8AC553 /* Assets.xcassets */; };
/* End PBXBuildFile section */

/* Begin PBXFileReference section */
		38E857D6B911B5AC77639883 /* CompanionContentView.swift */ = {isa = PBXFileReference; includeInIndex = 1; lastKnownFileType = sourcecode.swift; name = CompanionContentView.swift; path = BreathIslandCompanion/CompanionContentView.swift; sourceTree = "<group>"; };
		5A7A72EF0CD9938F02AAFB0F /* Models.swift */ = {isa = PBXFileReference; includeInIndex = 1; lastKnownFileType = sourcecode.swift; name = Models.swift; path = BreathIsland/Models.swift; sourceTree = "<group>"; };
		6160EE8909E4C4DE49C59294 /* RecommendationEngine.swift */ = {isa = PBXFileReference; includeInIndex = 1; lastKnownFileType = sourcecode.swift; name = RecommendationEngine.swift; path = BreathIsland/RecommendationEngine.swift; sourceTree = "<group>"; };
		6ECFC516B96A37C49E8AC553 /* Assets.xcassets */ = {isa = PBXFileReference; includeInIndex = 1; lastKnownFileType = folder.assetcatalog; name = Assets.xcassets; path = BreathIsland/Assets.xcassets; sourceTree = "<group>"; };
		81A2E87AEE6912682D9474A0 /* BreathIslandCompanion.app */ = {isa = PBXFileReference; explicitFileType = wrapper.application; includeInIndex = 0; path = BreathIslandCompanion.app; sourceTree = BUILT_PRODUCTS_DIR; };
		88CBBFA5ED9254AFE54CFA02 /* DemoStore.swift */ = {isa = PBXFileReference; includeInIndex = 1; lastKnownFileType = sourcecode.swift; name = DemoStore.swift; path = BreathIsland/DemoStore.swift; sourceTree = "<group>"; };
		9554B0C6E3656794DE15CDF7 /* BreathIslandCompanionApp.swift */ = {isa = PBXFileReference; includeInIndex = 1; lastKnownFileType = sourcecode.swift; name = BreathIslandCompanionApp.swift; path = BreathIslandCompanion/BreathIslandCompanionApp.swift; sourceTree = "<group>"; };
		A10000000000000000000005 /* BreathIsland.app */ = {isa = PBXFileReference; explicitFileType = wrapper.application; includeInIndex = 0; path = BreathIsland.app; sourceTree = BUILT_PRODUCTS_DIR; };
		C0DB2E088958FE803D3FF7D4 /* SessionSimulation.swift */ = {isa = PBXFileReference; includeInIndex = 1; lastKnownFileType = sourcecode.swift; name = SessionSimulation.swift; path = BreathIsland/SessionSimulation.swift; sourceTree = "<group>"; };
		C10332A282A51CD7114C4418 /* Foundation.framework */ = {isa = PBXFileReference; lastKnownFileType = wrapper.framework; name = Foundation.framework; path = Platforms/iPhoneOS.platform/Developer/SDKs/iPhoneOS26.0.sdk/System/Library/Frameworks/Foundation.framework; sourceTree = DEVELOPER_DIR; };
		E2F152048EF2E160EBFDC05F /* Theme.swift */ = {isa = PBXFileReference; includeInIndex = 1; lastKnownFileType = sourcecode.swift; name = Theme.swift; path = BreathIsland/Theme.swift; sourceTree = "<group>"; };
/* End PBXFileReference section */

/* Begin PBXFileSystemSynchronizedBuildFileExceptionSet section */
		A10000000000000000000009 /* Exceptions for "BreathIsland" folder in "BreathIsland" target */ = {
			isa = PBXFileSystemSynchronizedBuildFileExceptionSet;
			membershipExceptions = (
				Info.plist,
			);
			target = A10000000000000000000006 /* BreathIsland */;
		};
/* End PBXFileSystemSynchronizedBuildFileExceptionSet section */

/* Begin PBXFileSystemSynchronizedRootGroup section */
		A10000000000000000000008 /* BreathIsland */ = {
			isa = PBXFileSystemSynchronizedRootGroup;
			exceptions = (
				A10000000000000000000009 /* Exceptions for "BreathIsland" folder in "BreathIsland" target */,
			);
			path = BreathIsland;
			sourceTree = "<group>";
		};
/* End PBXFileSystemSynchronizedRootGroup section */

/* Begin PBXFrameworksBuildPhase section */
		12FAED209D10E7AC36C2D51A /* Frameworks */ = {
			isa = PBXFrameworksBuildPhase;
			buildActionMask = 2147483647;
			files = (
				43E79F58E3816DEB2511791F /* Foundation.framework in Frameworks */,
			);
			runOnlyForDeploymentPostprocessing = 0;
		};
		A1000000000000000000000B /* Frameworks */ = {
			isa = PBXFrameworksBuildPhase;
			buildActionMask = 2147483647;
			files = (
			);
			runOnlyForDeploymentPostprocessing = 0;
		};
/* End PBXFrameworksBuildPhase section */

/* Begin PBXGroup section */
		18ADF623D210FE5C4832B1C9 /* iOS */ = {
			isa = PBXGroup;
			children = (
				C10332A282A51CD7114C4418 /* Foundation.framework */,
			);
			name = iOS;
			sourceTree = "<group>";
		};
		44494041C62671765BA0FADA /* Frameworks */ = {
			isa = PBXGroup;
			children = (
				18ADF623D210FE5C4832B1C9 /* iOS */,
			);
			name = Frameworks;
			sourceTree = "<group>";
		};
		A10000000000000000000001 = {
			isa = PBXGroup;
			children = (
				A10000000000000000000008 /* BreathIsland */,
				A10000000000000000000004 /* Products */,
				44494041C62671765BA0FADA /* Frameworks */,
				9554B0C6E3656794DE15CDF7 /* BreathIslandCompanionApp.swift */,
				38E857D6B911B5AC77639883 /* CompanionContentView.swift */,
				5A7A72EF0CD9938F02AAFB0F /* Models.swift */,
				88CBBFA5ED9254AFE54CFA02 /* DemoStore.swift */,
				6160EE8909E4C4DE49C59294 /* RecommendationEngine.swift */,
				E2F152048EF2E160EBFDC05F /* Theme.swift */,
				C0DB2E088958FE803D3FF7D4 /* SessionSimulation.swift */,
				6ECFC516B96A37C49E8AC553 /* Assets.xcassets */,
			);
			sourceTree = "<group>";
		};
		A10000000000000000000004 /* Products */ = {
			isa = PBXGroup;
			children = (
				A10000000000000000000005 /* BreathIsland.app */,
				81A2E87AEE6912682D9474A0 /* BreathIslandCompanion.app */,
			);
			name = Products;
			sourceTree = "<group>";
		};
/* End PBXGroup section */

/* Begin PBXNativeTarget section */
		532BD080499C18F080D78109 /* BreathIslandCompanion */ = {
			isa = PBXNativeTarget;
			buildConfigurationList = 17A9F4082AB9B22E6F27A0A2 /* Build configuration list for PBXNativeTarget "BreathIslandCompanion" */;
			buildPhases = (
				6E82C27FEE41636F59EE4E80 /* Sources */,
				12FAED209D10E7AC36C2D51A /* Frameworks */,
				A457F92513519195E770B508 /* Resources */,
			);
			buildRules = (
			);
			dependencies = (
			);
			name = BreathIslandCompanion;
			productName = BreathIslandCompanion;
			productReference = 81A2E87AEE6912682D9474A0 /* BreathIslandCompanion.app */;
			productType = "com.apple.product-type.application";
		};
		A10000000000000000000006 /* BreathIsland */ = {
			isa = PBXNativeTarget;
			buildConfigurationList = A10000000000000000000007 /* Build configuration list for PBXNativeTarget "BreathIsland" */;
			buildPhases = (
				A1000000000000000000000A /* Sources */,
				A1000000000000000000000B /* Frameworks */,
				A1000000000000000000000C /* Resources */,
			);
			buildRules = (
			);
			dependencies = (
			);
			fileSystemSynchronizedGroups = (
				A10000000000000000000008 /* BreathIsland */,
			);
			name = BreathIsland;
			productName = BreathIsland;
			productReference = A10000000000000000000005 /* BreathIsland.app */;
			productType = "com.apple.product-type.application";
		};
/* End PBXNativeTarget section */

/* Begin PBXProject section */
		A10000000000000000000002 /* Project object */ = {
			isa = PBXProject;
			attributes = {
				BuildIndependentTargetsInParallel = 1;
				LastSwiftUpdateCheck = 1640;
				LastUpgradeCheck = 1640;
				TargetAttributes = {
					A10000000000000000000006 = {
						CreatedOnToolsVersion = 16.4;
					};
				};
			};
			buildConfigurationList = A10000000000000000000003 /* Build configuration list for PBXProject "BreathIsland" */;
			developmentRegion = en;
			hasScannedForEncodings = 0;
			knownRegions = (
				en,
				Base,
			);
			mainGroup = A10000000000000000000001;
			minimizedProjectReferenceProxies = 1;
			preferredProjectObjectVersion = 77;
			productRefGroup = A10000000000000000000004 /* Products */;
			projectDirPath = "";
			projectRoot = "";
			targets = (
				A10000000000000000000006 /* BreathIsland */,
				532BD080499C18F080D78109 /* BreathIslandCompanion */,
			);
		};
/* End PBXProject section */

/* Begin PBXResourcesBuildPhase section */
		A1000000000000000000000C /* Resources */ = {
			isa = PBXResourcesBuildPhase;
			buildActionMask = 2147483647;
			files = (
			);
			runOnlyForDeploymentPostprocessing = 0;
		};
		A457F92513519195E770B508 /* Resources */ = {
			isa = PBXResourcesBuildPhase;
			buildActionMask = 2147483647;
			files = (
				7418338D215B46B552E04242 /* Assets.xcassets in Resources */,
			);
			runOnlyForDeploymentPostprocessing = 0;
		};
/* End PBXResourcesBuildPhase section */

/* Begin PBXSourcesBuildPhase section */
		6E82C27FEE41636F59EE4E80 /* Sources */ = {
			isa = PBXSourcesBuildPhase;
			buildActionMask = 2147483647;
			files = (
				3124A9E6B2A34867760BB6C5 /* BreathIslandCompanionApp.swift in Sources */,
				66D33164A0EDA858CF9FCFF1 /* CompanionContentView.swift in Sources */,
				08E9031A8CE726D58A93F3DF /* Models.swift in Sources */,
				59C52C556062D37F28246CC6 /* DemoStore.swift in Sources */,
				4D2EB9FF7517820C16A31A77 /* RecommendationEngine.swift in Sources */,
				2464E51664107EEBD67321FB /* Theme.swift in Sources */,
				1041F32E2425D912C72AE737 /* SessionSimulation.swift in Sources */,
			);
			runOnlyForDeploymentPostprocessing = 0;
		};
		A1000000000000000000000A /* Sources */ = {
			isa = PBXSourcesBuildPhase;
			buildActionMask = 2147483647;
			files = (
			);
			runOnlyForDeploymentPostprocessing = 0;
		};
/* End PBXSourcesBuildPhase section */

/* Begin XCBuildConfiguration section */
		6032748DBC4465AD18FBB00B /* Debug */ = {
			isa = XCBuildConfiguration;
			buildSettings = {
				ASSETCATALOG_COMPILER_APPICON_NAME = AppIcon;
				ASSETCATALOG_COMPILER_GLOBAL_ACCENT_COLOR_NAME = AccentColor;
				CLANG_ENABLE_OBJC_WEAK = NO;
				GENERATE_INFOPLIST_FILE = YES;
				INFOPLIST_KEY_CFBundleDisplayName = "呼吸岛 Companion";
				IPHONEOS_DEPLOYMENT_TARGET = 17.0;
				LD_RUNPATH_SEARCH_PATHS = (
					"$(inherited)",
					"@executable_path/Frameworks",
				);
				PRODUCT_BUNDLE_IDENTIFIER = com.qszjlzz.BreathIslandCompanion;
				PRODUCT_NAME = BreathIslandCompanion;
				SDKROOT = iphoneos;
				SWIFT_VERSION = 5.0;
				TARGETED_DEVICE_FAMILY = 2;
			};
			name = Debug;
		};
		7E56F14117E9E96D019BAC5C /* Release */ = {
			isa = XCBuildConfiguration;
			buildSettings = {
				ASSETCATALOG_COMPILER_APPICON_NAME = AppIcon;
				ASSETCATALOG_COMPILER_GLOBAL_ACCENT_COLOR_NAME = AccentColor;
				CLANG_ENABLE_OBJC_WEAK = NO;
				GENERATE_INFOPLIST_FILE = YES;
				INFOPLIST_KEY_CFBundleDisplayName = "呼吸岛 Companion";
				IPHONEOS_DEPLOYMENT_TARGET = 17.0;
				LD_RUNPATH_SEARCH_PATHS = (
					"$(inherited)",
					"@executable_path/Frameworks",
				);
				PRODUCT_BUNDLE_IDENTIFIER = com.qszjlzz.BreathIslandCompanion;
				PRODUCT_NAME = BreathIslandCompanion;
				SDKROOT = iphoneos;
				SWIFT_VERSION = 5.0;
				TARGETED_DEVICE_FAMILY = 2;
				VALIDATE_PRODUCT = YES;
			};
			name = Release;
		};
		A1000000000000000000000D /* Debug */ = {
			isa = XCBuildConfiguration;
			buildSettings = {
				ALWAYS_SEARCH_USER_PATHS = NO;
				ASSETCATALOG_COMPILER_GENERATE_SWIFT_ASSET_SYMBOL_EXTENSIONS = YES;
				CLANG_ANALYZER_NONNULL = YES;
				CLANG_ANALYZER_NUMBER_OBJECT_CONVERSION = YES_AGGRESSIVE;
				CLANG_CXX_LANGUAGE_STANDARD = "gnu++20";
				CLANG_ENABLE_MODULES = YES;
				CLANG_ENABLE_OBJC_ARC = YES;
				CLANG_ENABLE_OBJC_WEAK = YES;
				CLANG_WARN_DOCUMENTATION_COMMENTS = YES;
				CLANG_WARN_QUOTED_INCLUDE_IN_FRAMEWORK_HEADER = YES;
				COPY_PHASE_STRIP = NO;
				DEBUG_INFORMATION_FORMAT = dwarf;
				ENABLE_STRICT_OBJC_MSGSEND = YES;
				ENABLE_TESTABILITY = YES;
				ENABLE_USER_SCRIPT_SANDBOXING = YES;
				GCC_C_LANGUAGE_STANDARD = gnu17;
				GCC_DYNAMIC_NO_PIC = NO;
				GCC_NO_COMMON_BLOCKS = YES;
				GCC_OPTIMIZATION_LEVEL = 0;
				LOCALIZATION_PREFERS_STRING_CATALOGS = YES;
				ONLY_ACTIVE_ARCH = YES;
				SDKROOT = xros;
				SWIFT_ACTIVE_COMPILATION_CONDITIONS = "DEBUG $(inherited)";
				SWIFT_OPTIMIZATION_LEVEL = "-Onone";
				XROS_DEPLOYMENT_TARGET = 2.5;
			};
			name = Debug;
		};
		A1000000000000000000000E /* Release */ = {
			isa = XCBuildConfiguration;
			buildSettings = {
				ALWAYS_SEARCH_USER_PATHS = NO;
				ASSETCATALOG_COMPILER_GENERATE_SWIFT_ASSET_SYMBOL_EXTENSIONS = YES;
				CLANG_ANALYZER_NONNULL = YES;
				CLANG_ANALYZER_NUMBER_OBJECT_CONVERSION = YES_AGGRESSIVE;
				CLANG_CXX_LANGUAGE_STANDARD = "gnu++20";
				CLANG_ENABLE_MODULES = YES;
				CLANG_ENABLE_OBJC_ARC = YES;
				CLANG_ENABLE_OBJC_WEAK = YES;
				CLANG_WARN_DOCUMENTATION_COMMENTS = YES;
				CLANG_WARN_QUOTED_INCLUDE_IN_FRAMEWORK_HEADER = YES;
				COPY_PHASE_STRIP = NO;
				DEBUG_INFORMATION_FORMAT = "dwarf-with-dsym";
				ENABLE_NS_ASSERTIONS = NO;
				ENABLE_STRICT_OBJC_MSGSEND = YES;
				ENABLE_USER_SCRIPT_SANDBOXING = YES;
				GCC_C_LANGUAGE_STANDARD = gnu17;
				GCC_NO_COMMON_BLOCKS = YES;
				LOCALIZATION_PREFERS_STRING_CATALOGS = YES;
				SDKROOT = xros;
				SWIFT_COMPILATION_MODE = wholemodule;
				VALIDATE_PRODUCT = YES;
				XROS_DEPLOYMENT_TARGET = 2.5;
			};
			name = Release;
		};
		A1000000000000000000000F /* Debug */ = {
			isa = XCBuildConfiguration;
			buildSettings = {
				ASSETCATALOG_COMPILER_GLOBAL_ACCENT_COLOR_NAME = AccentColor;
				CODE_SIGN_STYLE = Automatic;
				CURRENT_PROJECT_VERSION = 1;
				ENABLE_PREVIEWS = YES;
				GENERATE_INFOPLIST_FILE = YES;
				INFOPLIST_KEY_CFBundleDisplayName = "呼吸岛 Liminal";
				LD_RUNPATH_SEARCH_PATHS = (
					"$(inherited)",
					"@executable_path/Frameworks",
				);
				MARKETING_VERSION = 1.0;
				PRODUCT_BUNDLE_IDENTIFIER = com.qszjlzz.BreathIsland;
				PRODUCT_NAME = "$(TARGET_NAME)";
				SDKROOT = xros;
				SUPPORTED_PLATFORMS = "xros xrsimulator";
				SWIFT_EMIT_LOC_STRINGS = YES;
				SWIFT_VERSION = 5.0;
				TARGETED_DEVICE_FAMILY = 7;
				XROS_DEPLOYMENT_TARGET = 2.5;
			};
			name = Debug;
		};
		A10000000000000000000010 /* Release */ = {
			isa = XCBuildConfiguration;
			buildSettings = {
				ASSETCATALOG_COMPILER_GLOBAL_ACCENT_COLOR_NAME = AccentColor;
				CODE_SIGN_STYLE = Automatic;
				CURRENT_PROJECT_VERSION = 1;
				ENABLE_PREVIEWS = YES;
				GENERATE_INFOPLIST_FILE = YES;
				INFOPLIST_KEY_CFBundleDisplayName = "呼吸岛 Liminal";
				LD_RUNPATH_SEARCH_PATHS = (
					"$(inherited)",
					"@executable_path/Frameworks",
				);
				MARKETING_VERSION = 1.0;
				PRODUCT_BUNDLE_IDENTIFIER = com.qszjlzz.BreathIsland;
				PRODUCT_NAME = "$(TARGET_NAME)";
				SDKROOT = xros;
				SUPPORTED_PLATFORMS = "xros xrsimulator";
				SWIFT_EMIT_LOC_STRINGS = YES;
				SWIFT_VERSION = 5.0;
				TARGETED_DEVICE_FAMILY = 7;
				XROS_DEPLOYMENT_TARGET = 2.5;
			};
			name = Release;
		};
/* End XCBuildConfiguration section */

/* Begin XCConfigurationList section */
		17A9F4082AB9B22E6F27A0A2 /* Build configuration list for PBXNativeTarget "BreathIslandCompanion" */ = {
			isa = XCConfigurationList;
			buildConfigurations = (
				7E56F14117E9E96D019BAC5C /* Release */,
				6032748DBC4465AD18FBB00B /* Debug */,
			);
			defaultConfigurationIsVisible = 0;
			defaultConfigurationName = Release;
		};
		A10000000000000000000003 /* Build configuration list for PBXProject "BreathIsland" */ = {
			isa = XCConfigurationList;
			buildConfigurations = (
				A1000000000000000000000D /* Debug */,
				A1000000000000000000000E /* Release */,
			);
			defaultConfigurationIsVisible = 0;
			defaultConfigurationName = Release;
		};
		A10000000000000000000007 /* Build configuration list for PBXNativeTarget "BreathIsland" */ = {
			isa = XCConfigurationList;
			buildConfigurations = (
				A1000000000000000000000F /* Debug */,
				A10000000000000000000010 /* Release */,
			);
			defaultConfigurationIsVisible = 0;
			defaultConfigurationName = Release;
		};
/* End XCConfigurationList section */
	};
	rootObject = A10000000000000000000002 /* Project object */;
}
